
Microsoft Visual Studio Solution File, Format Version 12.00
# Visual Studio Version 17
VisualStudioVersion = 17.9.34728.123
MinimumVisualStudioVersion = 10.0.40219.1
Project("{FAE04EC0-301F-11D3-BF4B-00C04F79EFBC}") = "BussinessObjects", "BussinessObjects\BussinessObjects.csproj", "{E33C8919-E2DB-46A3-96F0-4CCC0BEBF38F}"
EndProject
Project("{FAE04EC0-301F-11D3-BF4B-00C04F79EFBC}") = "DataAccessObjects", "DataAccessObjects\DataAccessObjects.csproj", "{AC3C7346-1FBA-46CE-BCD9-491D9251F872}"
EndProject
Project("{FAE04EC0-301F-11D3-BF4B-00C04F79EFBC}") = "Repositories", "Repositories\Repositories.csproj", "{D65399B6-3BDB-4D22-B87F-C0096FD82E33}"
EndProject
Project("{FAE04EC0-301F-11D3-BF4B-00C04F79EFBC}") = "Services", "Services\Services.csproj", "{A74E5CBD-7EE2-495C-AA3D-BDE18A0F8C2D}"
EndProject
Project("{FAE04EC0-301F-11D3-BF4B-00C04F79EFBC}") = "ProductManagement", "ProductManagement\ProductManagement.csproj", "{30CA021E-17BB-4564-9BF9-A73F1962AC49}"
EndProject
Global
	GlobalSection(SolutionConfigurationPlatforms) = preSolution
		Debug|Any CPU = Debug|Any CPU
		Release|Any CPU = Release|Any CPU
	EndGlobalSection
	GlobalSection(ProjectConfigurationPlatforms) = postSolution
		{E33C8919-E2DB-46A3-96F0-4CCC0BEBF38F}.Debug|Any CPU.ActiveCfg = Debug|Any CPU
		{E33C8919-E2DB-46A3-96F0-4CCC0BEBF38F}.Debug|Any CPU.Build.0 = Debug|Any CPU
		{E33C8919-E2DB-46A3-96F0-4CCC0BEBF38F}.Release|Any CPU.ActiveCfg = Release|Any CPU
		{E33C8919-E2DB-46A3-96F0-4CCC0BEBF38F}.Release|Any CPU.Build.0 = Release|Any CPU
		{AC3C7346-1FBA-46CE-BCD9-491D9251F872}.Debug|Any CPU.ActiveCfg = Debug|Any CPU
		{AC3C7346-1FBA-46CE-BCD9-491D9251F872}.Debug|Any CPU.Build.0 = Debug|Any CPU
		{AC3C7346-1FBA-46CE-BCD9-491D9251F872}.Release|Any CPU.ActiveCfg = Release|Any CPU
		{AC3C7346-1FBA-46CE-BCD9-491D9251F872}.Release|Any CPU.Build.0 = Release|Any CPU
		{D65399B6-3BDB-4D22-B87F-C0096FD82E33}.Debug|Any CPU.ActiveCfg = Debug|Any CPU
		{D65399B6-3BDB-4D22-B87F-C0096FD82E33}.Debug|Any CPU.Build.0 = Debug|Any CPU
		{D65399B6-3BDB-4D22-B87F-C0096FD82E33}.Release|Any CPU.ActiveCfg = Release|Any CPU
		{D65399B6-3BDB-4D22-B87F-C0096FD82E33}.Release|Any CPU.Build.0 = Release|Any CPU
		{A74E5CBD-7EE2-495C-AA3D-BDE18A0F8C2D}.Debug|Any CPU.ActiveCfg = Debug|Any CPU
		{A74E5CBD-7EE2-495C-AA3D-BDE18A0F8C2D}.Debug|Any CPU.Build.0 = Debug|Any CPU
		{A74E5CBD-7EE2-495C-AA3D-BDE18A0F8C2D}.Release|Any CPU.ActiveCfg = Release|Any CPU
		{A74E5CBD-7EE2-495C-AA3D-BDE18A0F8C2D}.Release|Any CPU.Build.0 = Release|Any CPU
		{30CA021E-17BB-4564-9BF9-A73F1962AC49}.Debug|Any CPU.ActiveCfg = Debug|Any CPU
		{30CA021E-17BB-4564-9BF9-A73F1962AC49}.Debug|Any CPU.Build.0 = Debug|Any CPU
		{30CA021E-17BB-4564-9BF9-A73F1962AC49}.Release|Any CPU.ActiveCfg = Release|Any CPU
		{30CA021E-17BB-4564-9BF9-A73F1962AC49}.Release|Any CPU.Build.0 = Release|Any CPU
	EndGlobalSection
	GlobalSection(SolutionProperties) = preSolution
		HideSolutionNode = FALSE
	EndGlobalSection
	GlobalSection(ExtensibilityGlobals) = postSolution
		SolutionGuid = {EDEAE85C-C5B2-4511-BA7C-C93050A250A2}
	EndGlobalSection
EndGlobal
